<?xml version="1.0" encoding="utf-8"?>
<Project ToolsVersion="4.0" xmlns="http://schemas.microsoft.com/developer/msbuild/2003">
  <ItemGroup>
    <Filter Include="Source Files">
      <UniqueIdentifier>{4FC737F1-C7A5-4376-A066-2A32D752A2FF}</UniqueIdentifier>
      <Extensions>cpp;c;cc;cxx;def;odl;idl;hpj;bat;asm;asmx</Extensions>
    </Filter>
    <Filter Include="Header Files">
      <UniqueIdentifier>{93995380-89BD-4b04-88EB-625FBE52EBFB}</UniqueIdentifier>
      <Extensions>h;hh;hpp;hxx;hm;inl;inc;xsd</Extensions>
    </Filter>
    <Filter Include="Resource Files">
      <UniqueIdentifier>{67DA6AB6-F800-4c08-8B7A-83BB121AAD01}</UniqueIdentifier>
      <Extensions>rc;ico;cur;bmp;dlg;rc2;rct;bin;rgs;gif;jpg;jpeg;jpe;resx;tiff;tif;png;wav;mfcribbon-ms</Extensions>
    </Filter>
    <Filter Include="Header Files\MonitoringComponents">
      <UniqueIdentifier>{53511608-ae4b-42ac-b072-df689dd82bf3}</UniqueIdentifier>
    </Filter>
    <Filter Include="Header Files\MonitoringComponents\Channels">
      <UniqueIdentifier>{443d723f-8eff-4843-b068-be326c0bf882}</UniqueIdentifier>
    </Filter>
    <Filter Include="Source Files\MonitoringComponents">
      <UniqueIdentifier>{780f66e9-6d19-480e-86c4-ce821ec9214f}</UniqueIdentifier>
    </Filter>
    <Filter Include="Source Files\IO">
      <UniqueIdentifier>{cdc12fd1-d898-498e-bf1e-bcac42a4bb26}</UniqueIdentifier>
    </Filter>
    <Filter Include="Header Files\IO">
      <UniqueIdentifier>{b7914076-550c-4bd2-a6c0-5fc7facc6cb7}</UniqueIdentifier>
    </Filter>
    <Filter Include="Header Files\Configuration">
      <UniqueIdentifier>{40eb4322-5bd9-438b-9d2f-4a14b25441c5}</UniqueIdentifier>
    </Filter>
    <Filter Include="Header Files\Utility">
      <UniqueIdentifier>{bb2f639e-4b3c-48f5-960f-dfa8b501b9d6}</UniqueIdentifier>
    </Filter>
    <Filter Include="Source Files\MonitoringComponents\Channels">
      <UniqueIdentifier>{f623c317-4c4b-47f3-9dd7-ef93c8f253fe}</UniqueIdentifier>
    </Filter>
    <Filter Include="Source Files\Configuration">
      <UniqueIdentifier>{534791ab-69af-4911-9f5a-7ab9f56af6d1}</UniqueIdentifier>
    </Filter>
    <Filter Include="Source Files\Utility">
      <UniqueIdentifier>{96933842-defb-4372-b8d4-cd356f1d67b1}</UniqueIdentifier>
    </Filter>
    <Filter Include="Header Files\Controller">
      <UniqueIdentifier>{596c9293-b1bc-4a81-9b85-ff03e4ec5856}</UniqueIdentifier>
    </Filter>
  </ItemGroup>
  <ItemGroup>
    <None Include="MonitoringFirmware.ino" />
  </ItemGroup>
  <ItemGroup>
    <ClInclude Include="__vm\.MonitoringFirmware.vsarduino.h">
      <Filter>Header Files</Filter>
    </ClInclude>
    <ClInclude Include="MonitoringComponent.h">
      <Filter>Header Files\MonitoringComponents</Filter>
    </ClInclude>
    <ClInclude Include="IO.h">
      <Filter>Header Files\IO</Filter>
    </ClInclude>
    <ClInclude Include="ModuleDiscreteOutput.h">
      <Filter>Header Files\IO</Filter>
    </ClInclude>
    <ClInclude Include="ModuleDiscreteInput.h">
      <Filter>Header Files\IO</Filter>
    </ClInclude>
    <ClInclude Include="ModuleAnalogInput.h">
      <Filter>Header Files\IO</Filter>
    </ClInclude>
    <ClInclude Include="Vector.h">
      <Filter>Header Files\Utility</Filter>
    </ClInclude>
    <ClInclude Include="UniquePtr.h">
      <Filter>Header Files\Utility</Filter>
    </ClInclude>
    <ClInclude Include="Ref.h">
      <Filter>Header Files\Utility</Filter>
    </ClInclude>
    <ClInclude Include="Function.h">
      <Filter>Header Files\Utility</Filter>
    </ClInclude>
    <ClInclude Include="DiscreteInputChannel.h">
      <Filter>Header Files\MonitoringComponents\Channels</Filter>
    </ClInclude>
    <ClInclude Include="DiscreteOuputChannel.h">
      <Filter>Header Files\MonitoringComponents\Channels</Filter>
    </ClInclude>
    <ClInclude Include="AnalogInputChannel.h">
      <Filter>Header Files\MonitoringComponents\Channels</Filter>
    </ClInclude>
    <ClInclude Include="Callbacks.h">
      <Filter>Header Files\Utility</Filter>
    </ClInclude>
    <ClInclude Include="Configuration.h">
      <Filter>Header Files\Configuration</Filter>
    </ClInclude>
    <ClInclude Include="ConfigurationReader.h">
      <Filter>Header Files\Configuration</Filter>
    </ClInclude>
    <ClInclude Include="Module.h">
      <Filter>Header Files\MonitoringComponents</Filter>
    </ClInclude>
    <ClInclude Include="MonitoringController.h">
      <Filter>Header Files</Filter>
    </ClInclude>
  </ItemGroup>
  <ItemGroup>
    <ClCompile Include="AnalogInputChannel.cpp">
      <Filter>Source Files\MonitoringComponents\Channels</Filter>
    </ClCompile>
    <ClCompile Include="DiscreteInputChannel.cpp">
      <Filter>Source Files\MonitoringComponents\Channels</Filter>
    </ClCompile>
    <ClCompile Include="DiscreteOuputChannel.cpp">
      <Filter>Source Files\MonitoringComponents\Channels</Filter>
    </ClCompile>
    <ClCompile Include="ConfigurationReader.cpp">
      <Filter>Source Files\Configuration</Filter>
    </ClCompile>
    <ClCompile Include="ModuleAnalogInput.cpp">
      <Filter>Source Files\IO</Filter>
    </ClCompile>
    <ClCompile Include="ModuleDiscreteInput.cpp">
      <Filter>Source Files\IO</Filter>
    </ClCompile>
    <ClCompile Include="ModuleDiscreteOutput.cpp">
      <Filter>Source Files\IO</Filter>
    </ClCompile>
    <ClCompile Include="IO.cpp">
      <Filter>Source Files\IO</Filter>
    </ClCompile>
    <ClCompile Include="DiscreteInputModule.cpp">
      <Filter>Source Files\MonitoringComponents</Filter>
    </ClCompile>
    <ClCompile Include="Module.cpp">
      <Filter>Source Files</Filter>
    </ClCompile>
    <ClCompile Include="MonitoringController.cpp">
      <Filter>Source Files</Filter>
    </ClCompile>
  </ItemGroup>
</Project>